
Microsoft Visual Studio Solution File, Format Version 12.00
# Visual Studio 2012
Project("{FAE04EC0-301F-11D3-BF4B-00C04F79EFBC}") = "GEP_DE607", "GEP_DE607\GEP_DE607.csproj", "{62F9CB5B-25DE-4CF7-A74F-91224EC3C1FF}"
EndProject
Project("{FAE04EC0-301F-11D3-BF4B-00C04F79EFBC}") = "GEP_DE607.Persistencia", "GEP_DE607.Persistencia\GEP_DE607.Persistencia.csproj", "{FBC1B383-3E83-46C3-A38E-7994A2CEFCC4}"
EndProject
Project("{FAE04EC0-301F-11D3-BF4B-00C04F79EFBC}") = "GEP_DE607.Dominio", "GEP_DE607.Dominio\GEP_DE607.Dominio.csproj", "{19D37B2E-A407-4236-97CC-1873381DA073}"
EndProject
Project("{FAE04EC0-301F-11D3-BF4B-00C04F79EFBC}") = "GEP_DE607.Negocio", "GEP_DE607.Negocio\GEP_DE607.Negocio.csproj", "{365B699A-7A2C-4E07-A982-B259B5EB5094}"
EndProject
Global
	GlobalSection(SolutionConfigurationPlatforms) = preSolution
		Debug|Any CPU = Debug|Any CPU
		Release|Any CPU = Release|Any CPU
	EndGlobalSection
	GlobalSection(ProjectConfigurationPlatforms) = postSolution
		{62F9CB5B-25DE-4CF7-A74F-91224EC3C1FF}.Debug|Any CPU.ActiveCfg = Debug|Any CPU
		{62F9CB5B-25DE-4CF7-A74F-91224EC3C1FF}.Debug|Any CPU.Build.0 = Debug|Any CPU
		{62F9CB5B-25DE-4CF7-A74F-91224EC3C1FF}.Release|Any CPU.ActiveCfg = Release|Any CPU
		{62F9CB5B-25DE-4CF7-A74F-91224EC3C1FF}.Release|Any CPU.Build.0 = Release|Any CPU
		{FBC1B383-3E83-46C3-A38E-7994A2CEFCC4}.Debug|Any CPU.ActiveCfg = Debug|Any CPU
		{FBC1B383-3E83-46C3-A38E-7994A2CEFCC4}.Debug|Any CPU.Build.0 = Debug|Any CPU
		{FBC1B383-3E83-46C3-A38E-7994A2CEFCC4}.Release|Any CPU.ActiveCfg = Release|Any CPU
		{FBC1B383-3E83-46C3-A38E-7994A2CEFCC4}.Release|Any CPU.Build.0 = Release|Any CPU
		{19D37B2E-A407-4236-97CC-1873381DA073}.Debug|Any CPU.ActiveCfg = Debug|Any CPU
		{19D37B2E-A407-4236-97CC-1873381DA073}.Debug|Any CPU.Build.0 = Debug|Any CPU
		{19D37B2E-A407-4236-97CC-1873381DA073}.Release|Any CPU.ActiveCfg = Release|Any CPU
		{19D37B2E-A407-4236-97CC-1873381DA073}.Release|Any CPU.Build.0 = Release|Any CPU
		{365B699A-7A2C-4E07-A982-B259B5EB5094}.Debug|Any CPU.ActiveCfg = Debug|Any CPU
		{365B699A-7A2C-4E07-A982-B259B5EB5094}.Debug|Any CPU.Build.0 = Debug|Any CPU
		{365B699A-7A2C-4E07-A982-B259B5EB5094}.Release|Any CPU.ActiveCfg = Release|Any CPU
		{365B699A-7A2C-4E07-A982-B259B5EB5094}.Release|Any CPU.Build.0 = Release|Any CPU
	EndGlobalSection
	GlobalSection(SolutionProperties) = preSolution
		HideSolutionNode = FALSE
	EndGlobalSection
EndGlobal
